
Microsoft Visual Studio Solution File, Format Version 12.00
# Visual Studio 14
VisualStudioVersion = 14.0.25123.0
MinimumVisualStudioVersion = 10.0.40219.1
Project("{FAE04EC0-301F-11D3-BF4B-00C04F79EFBC}") = "WebToaster", "src\WebToaster.csproj", "{EDB8C019-AAB1-475B-9250-40DCA06DEED2}"
EndProject
Project("{FAE04EC0-301F-11D3-BF4B-00C04F79EFBC}") = "WebToaster.Tests", "tests\WebToaster.Tests.csproj", "{2E985B75-F80E-46CB-8AC8-BC632303C874}"
EndProject
Global
	GlobalSection(SolutionConfigurationPlatforms) = preSolution
		Debug|Any CPU = Debug|Any CPU
		Release|Any CPU = Release|Any CPU
	EndGlobalSection
	GlobalSection(ProjectConfigurationPlatforms) = postSolution
		{EDB8C019-AAB1-475B-9250-40DCA06DEED2}.Debug|Any CPU.ActiveCfg = Debug|Any CPU
		{EDB8C019-AAB1-475B-9250-40DCA06DEED2}.Debug|Any CPU.Build.0 = Debug|Any CPU
		{EDB8C019-AAB1-475B-9250-40DCA06DEED2}.Release|Any CPU.ActiveCfg = Release|Any CPU
		{EDB8C019-AAB1-475B-9250-40DCA06DEED2}.Release|Any CPU.Build.0 = Release|Any CPU
		{2E985B75-F80E-46CB-8AC8-BC632303C874}.Debug|Any CPU.ActiveCfg = Debug|Any CPU
		{2E985B75-F80E-46CB-8AC8-BC632303C874}.Debug|Any CPU.Build.0 = Debug|Any CPU
		{2E985B75-F80E-46CB-8AC8-BC632303C874}.Release|Any CPU.ActiveCfg = Release|Any CPU
		{2E985B75-F80E-46CB-8AC8-BC632303C874}.Release|Any CPU.Build.0 = Release|Any CPU
	EndGlobalSection
	GlobalSection(SolutionProperties) = preSolution
		HideSolutionNode = FALSE
	EndGlobalSection
EndGlobal
